
Microsoft Visual Studio Solution File, Format Version 12.00
# Visual Studio Version 17
VisualStudioVersion = 17.10.35122.118
MinimumVisualStudioVersion = 10.0.40219.1
Project("{FAE04EC0-301F-11D3-BF4B-00C04F79EFBC}") = "MVCTesting", "MVCTesting\MVCTesting.csproj", "{D2EC684F-ED4D-4523-97DE-807C9C429B3C}"
EndProject
Global
	GlobalSection(SolutionConfigurationPlatforms) = preSolution
		Debug|Any CPU = Debug|Any CPU
		Release|Any CPU = Release|Any CPU
	EndGlobalSection
	GlobalSection(ProjectConfigurationPlatforms) = postSolution
		{D2EC684F-ED4D-4523-97DE-807C9C429B3C}.Debug|Any CPU.ActiveCfg = Debug|Any CPU
		{D2EC684F-ED4D-4523-97DE-807C9C429B3C}.Debug|Any CPU.Build.0 = Debug|Any CPU
		{D2EC684F-ED4D-4523-97DE-807C9C429B3C}.Release|Any CPU.ActiveCfg = Release|Any CPU
		{D2EC684F-ED4D-4523-97DE-807C9C429B3C}.Release|Any CPU.Build.0 = Release|Any CPU
	EndGlobalSection
	GlobalSection(SolutionProperties) = preSolution
		HideSolutionNode = FALSE
	EndGlobalSection
	GlobalSection(ExtensibilityGlobals) = postSolution
		SolutionGuid = {591B359D-232C-48C9-940F-E2E561BF9FAA}
	EndGlobalSection
EndGlobal
